// !$*UTF8*$!
{
	archiveVersion = 1;
	classes = {
	};
	objectVersion = 46;
	objects = {

/* Begin PBXBuildFile section */
		8401664C1E9B6468007BCE47 /* main.m in Sources */ = {isa = PBXBuildFile; fileRef = 8401664B1E9B6468007BCE47 /* main.m */; };
		8401664F1E9B6468007BCE47 /* AppDelegate.m in Sources */ = {isa = PBXBuildFile; fileRef = 8401664E1E9B6468007BCE47 /* AppDelegate.m */; };
		840166521E9B6468007BCE47 /* ViewController.m in Sources */ = {isa = PBXBuildFile; fileRef = 840166511E9B6468007BCE47 /* ViewController.m */; };
		840166551E9B6468007BCE47 /* Main.storyboard in Resources */ = {isa = PBXBuildFile; fileRef = 840166531E9B6468007BCE47 /* Main.storyboard */; };
		840166571E9B6468007BCE47 /* Assets.xcassets in Resources */ = {isa = PBXBuildFile; fileRef = 840166561E9B6468007BCE47 /* Assets.xcassets */; };
		8401665A1E9B6468007BCE47 /* LaunchScreen.storyboard in Resources */ = {isa = PBXBuildFile; fileRef = 840166581E9B6468007BCE47 /* LaunchScreen.storyboard */; };
		840166651E9B6468007BCE47 /* TFTableviewDemoTests.m in Sources */ = {isa = PBXBuildFile; fileRef = 840166641E9B6468007BCE47 /* TFTableviewDemoTests.m */; };
		840166701E9B6468007BCE47 /* TFTableviewDemoUITests.m in Sources */ = {isa = PBXBuildFile; fileRef = 8401666F1E9B6468007BCE47 /* TFTableviewDemoUITests.m */; };
/* End PBXBuildFile section */

/* Begin PBXContainerItemProxy section */
		840166611E9B6468007BCE47 /* PBXContainerItemProxy */ = {
			isa = PBXContainerItemProxy;
			containerPortal = 8401663F1E9B6468007BCE47 /* Project object */;
			proxyType = 1;
			remoteGlobalIDString = 840166461E9B6468007BCE47;
			remoteInfo = TFTableviewDemo;
		};
		8401666C1E9B6468007BCE47 /* PBXContainerItemProxy */ = {
			isa = PBXContainerItemProxy;
			containerPortal = 8401663F1E9B6468007BCE47 /* Project object */;
			proxyType = 1;
			remoteGlobalIDString = 840166461E9B6468007BCE47;
			remoteInfo = TFTableviewDemo;
		};
/* End PBXContainerItemProxy section */

/* Begin PBXFileReference section */
		840166471E9B6468007BCE47 /* TFTableviewDemo.app */ = {isa = PBXFileReference; explicitFileType = wrapper.application; includeInIndex = 0; path = TFTableviewDemo.app; sourceTree = BUILT_PRODUCTS_DIR; };
		8401664B1E9B6468007BCE47 /* main.m */ = {isa = PBXFileReference; lastKnownFileType = sourcecode.c.objc; path = main.m; sourceTree = "<group>"; };
		8401664D1E9B6468007BCE47 /* AppDelegate.h */ = {isa = PBXFileReference; lastKnownFileType = sourcecode.c.h; path = AppDelegate.h; sourceTree = "<group>"; };
		8401664E1E9B6468007BCE47 /* AppDelegate.m */ = {isa = PBXFileReference; lastKnownFileType = sourcecode.c.objc; path = AppDelegate.m; sourceTree = "<group>"; };
		840166501E9B6468007BCE47 /* ViewController.h */ = {isa = PBXFileReference; lastKnownFileType = sourcecode.c.h; path = ViewController.h; sourceTree = "<group>"; };
		840166511E9B6468007BCE47 /* ViewController.m */ = {isa = PBXFileReference; lastKnownFileType = sourcecode.c.objc; path = ViewController.m; sourceTree = "<group>"; };
		840166541E9B6468007BCE47 /* Base */ = {isa = PBXFileReference; lastKnownFileType = file.storyboard; name = Base; path = Base.lproj/Main.storyboard; sourceTree = "<group>"; };
		840166561E9B6468007BCE47 /* Assets.xcassets */ = {isa = PBXFileReference; lastKnownFileType = folder.assetcatalog; path = Assets.xcassets; sourceTree = "<group>"; };
		840166591E9B6468007BCE47 /* Base */ = {isa = PBXFileReference; lastKnownFileType = file.storyboard; name = Base; path = Base.lproj/LaunchScreen.storyboard; sourceTree = "<group>"; };
		8401665B1E9B6468007BCE47 /* Info.plist */ = {isa = PBXFileReference; lastKnownFileType = text.plist.xml; path = Info.plist; sourceTree = "<group>"; };
		840166601E9B6468007BCE47 /* TFTableviewDemoTests.xctest */ = {isa = PBXFileReference; explicitFileType = wrapper.cfbundle; includeInIndex = 0; path = TFTableviewDemoTests.xctest; sourceTree = BUILT_PRODUCTS_DIR; };
		840166641E9B6468007BCE47 /* TFTableviewDemoTests.m */ = {isa = PBXFileReference; lastKnownFileType = sourcecode.c.objc; path = TFTableviewDemoTests.m; sourceTree = "<group>"; };
		840166661E9B6468007BCE47 /* Info.plist */ = {isa = PBXFileReference; lastKnownFileType = text.plist.xml; path = Info.plist; sourceTree = "<group>"; };
		8401666B1E9B6468007BCE47 /* TFTableviewDemoUITests.xctest */ = {isa = PBXFileReference; explicitFileType = wrapper.cfbundle; includeInIndex = 0; path = TFTableviewDemoUITests.xctest; sourceTree = BUILT_PRODUCTS_DIR; };
		8401666F1E9B6468007BCE47 /* TFTableviewDemoUITests.m */ = {isa = PBXFileReference; lastKnownFileType = sourcecode.c.objc; path = TFTableviewDemoUITests.m; sourceTree = "<group>"; };
		840166711E9B6468007BCE47 /* Info.plist */ = {isa = PBXFileReference; lastKnownFileType = text.plist.xml; path = Info.plist; sourceTree = "<group>"; };
/* End PBXFileReference section */

/* Begin PBXFrameworksBuildPhase section */
		840166441E9B6468007BCE47 /* Frameworks */ = {
			isa = PBXFrameworksBuildPhase;
			buildActionMask = 2147483647;
			files = (
			);
			runOnlyForDeploymentPostprocessing = 0;
		};
		8401665D1E9B6468007BCE47 /* Frameworks */ = {
			isa = PBXFrameworksBuildPhase;
			buildActionMask = 2147483647;
			files = (
			);
			runOnlyForDeploymentPostprocessing = 0;
		};
		840166681E9B6468007BCE47 /* Frameworks */ = {
			isa = PBXFrameworksBuildPhase;
			buildActionMask = 2147483647;
			files = (
			);
			runOnlyForDeploymentPostprocessing = 0;
		};
/* End PBXFrameworksBuildPhase section */

/* Begin PBXGroup section */
		8401663E1E9B6468007BCE47 = {
			isa = PBXGroup;
			children = (
				840166491E9B6468007BCE47 /* TFTableviewDemo */,
				840166631E9B6468007BCE47 /* TFTableviewDemoTests */,
				8401666E1E9B6468007BCE47 /* TFTableviewDemoUITests */,
				840166481E9B6468007BCE47 /* Products */,
			);
			sourceTree = "<group>";
		};
		840166481E9B6468007BCE47 /* Products */ = {
			isa = PBXGroup;
			children = (
				840166471E9B6468007BCE47 /* TFTableviewDemo.app */,
				840166601E9B6468007BCE47 /* TFTableviewDemoTests.xctest */,
				8401666B1E9B6468007BCE47 /* TFTableviewDemoUITests.xctest */,
			);
			name = Products;
			sourceTree = "<group>";
		};
		840166491E9B6468007BCE47 /* TFTableviewDemo */ = {
			isa = PBXGroup;
			children = (
				8401664D1E9B6468007BCE47 /* AppDelegate.h */,
				8401664E1E9B6468007BCE47 /* AppDelegate.m */,
				840166501E9B6468007BCE47 /* ViewController.h */,
				840166511E9B6468007BCE47 /* ViewController.m */,
				840166531E9B6468007BCE47 /* Main.storyboard */,
				840166561E9B6468007BCE47 /* Assets.xcassets */,
				840166581E9B6468007BCE47 /* LaunchScreen.storyboard */,
				8401665B1E9B6468007BCE47 /* Info.plist */,
				8401664A1E9B6468007BCE47 /* Supporting Files */,
			);
			path = TFTableviewDemo;
			sourceTree = "<group>";
		};
		8401664A1E9B6468007BCE47 /* Supporting Files */ = {
			isa = PBXGroup;
			children = (
				8401664B1E9B6468007BCE47 /* main.m */,
			);
			name = "Supporting Files";
			sourceTree = "<group>";
		};
		840166631E9B6468007BCE47 /* TFTableviewDemoTests */ = {
			isa = PBXGroup;
			children = (
				840166641E9B6468007BCE47 /* TFTableviewDemoTests.m */,
				840166661E9B6468007BCE47 /* Info.plist */,
			);
			path = TFTableviewDemoTests;
			sourceTree = "<group>";
		};
		8401666E1E9B6468007BCE47 /* TFTableviewDemoUITests */ = {
			isa = PBXGroup;
			children = (
				8401666F1E9B6468007BCE47 /* TFTableviewDemoUITests.m */,
				840166711E9B6468007BCE47 /* Info.plist */,
			);
			path = TFTableviewDemoUITests;
			sourceTree = "<group>";
		};
/* End PBXGroup section */

/* Begin PBXNativeTarget section */
		840166461E9B6468007BCE47 /* TFTableviewDemo */ = {
			isa = PBXNativeTarget;
			buildConfigurationList = 840166741E9B6468007BCE47 /* Build configuration list for PBXNativeTarget "TFTableviewDemo" */;
			buildPhases = (
				840166431E9B6468007BCE47 /* Sources */,
				840166441E9B6468007BCE47 /* Frameworks */,
				840166451E9B6468007BCE47 /* Resources */,
			);
			buildRules = (
			);
			dependencies = (
			);
			name = TFTableviewDemo;
			productName = TFTableviewDemo;
			productReference = 840166471E9B6468007BCE47 /* TFTableviewDemo.app */;
			productType = "com.apple.product-type.application";
		};
		8401665F1E9B6468007BCE47 /* TFTableviewDemoTests */ = {
			isa = PBXNativeTarget;
			buildConfigurationList = 840166771E9B6468007BCE47 /* Build configuration list for PBXNativeTarget "TFTableviewDemoTests" */;
			buildPhases = (
				8401665C1E9B6468007BCE47 /* Sources */,
				8401665D1E9B6468007BCE47 /* Frameworks */,
				8401665E1E9B6468007BCE47 /* Resources */,
			);
			buildRules = (
			);
			dependencies = (
				840166621E9B6468007BCE47 /* PBXTargetDependency */,
			);
			name = TFTableviewDemoTests;
			productName = TFTableviewDemoTests;
			productReference = 840166601E9B6468007BCE47 /* TFTableviewDemoTests.xctest */;
			productType = "com.apple.product-type.bundle.unit-test";
		};
		8401666A1E9B6468007BCE47 /* TFTableviewDemoUITests */ = {
			isa = PBXNativeTarget;
			buildConfigurationList = 8401667A1E9B6468007BCE47 /* Build configuration list for PBXNativeTarget "TFTableviewDemoUITests" */;
			buildPhases = (
				840166671E9B6468007BCE47 /* Sources */,
				840166681E9B6468007BCE47 /* Frameworks */,
				840166691E9B6468007BCE47 /* Resources */,
			);
			buildRules = (
			);
			dependencies = (
				8401666D1E9B6468007BCE47 /* PBXTargetDependency */,
			);
			name = TFTableviewDemoUITests;
			productName = TFTableviewDemoUITests;
			productReference = 8401666B1E9B6468007BCE47 /* TFTableviewDemoUITests.xctest */;
			productType = "com.apple.product-type.bundle.ui-testing";
		};
/* End PBXNativeTarget section */

/* Begin PBXProject section */
		8401663F1E9B6468007BCE47 /* Project object */ = {
			isa = PBXProject;
			attributes = {
				LastUpgradeCheck = 0820;
				ORGANIZATIONNAME = "江霆锋";
				TargetAttributes = {
					840166461E9B6468007BCE47 = {
						CreatedOnToolsVersion = 8.2.1;
						ProvisioningStyle = Automatic;
					};
					8401665F1E9B6468007BCE47 = {
						CreatedOnToolsVersion = 8.2.1;
						ProvisioningStyle = Automatic;
						TestTargetID = 840166461E9B6468007BCE47;
					};
					8401666A1E9B6468007BCE47 = {
						CreatedOnToolsVersion = 8.2.1;
						ProvisioningStyle = Automatic;
						TestTargetID = 840166461E9B6468007BCE47;
					};
				};
			};
			buildConfigurationList = 840166421E9B6468007BCE47 /* Build configuration list for PBXProject "TFTableviewDemo" */;
			compatibilityVersion = "Xcode 3.2";
			developmentRegion = English;
			hasScannedForEncodings = 0;
			knownRegions = (
				en,
				Base,
			);
			mainGroup = 8401663E1E9B6468007BCE47;
			productRefGroup = 840166481E9B6468007BCE47 /* Products */;
			projectDirPath = "";
			projectRoot = "";
			targets = (
				840166461E9B6468007BCE47 /* TFTableviewDemo */,
				8401665F1E9B6468007BCE47 /* TFTableviewDemoTests */,
				8401666A1E9B6468007BCE47 /* TFTableviewDemoUITests */,
			);
		};
/* End PBXProject section */

/* Begin PBXResourcesBuildPhase section */
		840166451E9B6468007BCE47 /* Resources */ = {
			isa = PBXResourcesBuildPhase;
			buildActionMask = 2147483647;
			files = (
				8401665A1E9B6468007BCE47 /* LaunchScreen.storyboard in Resources */,
				840166571E9B6468007BCE47 /* Assets.xcassets in Resources */,
				840166551E9B6468007BCE47 /* Main.storyboard in Resources */,
			);
			runOnlyForDeploymentPostprocessing = 0;
		};
		8401665E1E9B6468007BCE47 /* Resources */ = {
			isa = PBXResourcesBuildPhase;
			buildActionMask = 2147483647;
			files = (
			);
			runOnlyForDeploymentPostprocessing = 0;
		};
		840166691E9B6468007BCE47 /* Resources */ = {
			isa = PBXResourcesBuildPhase;
			buildActionMask = 2147483647;
			files = (
			);
			runOnlyForDeploymentPostprocessing = 0;
		};
/* End PBXResourcesBuildPhase section */

/* Begin PBXSourcesBuildPhase section */
		840166431E9B6468007BCE47 /* Sources */ = {
			isa = PBXSourcesBuildPhase;
			buildActionMask = 2147483647;
			files = (
				840166521E9B6468007BCE47 /* ViewController.m in Sources */,
				8401664F1E9B6468007BCE47 /* AppDelegate.m in Sources */,
				8401664C1E9B6468007BCE47 /* main.m in Sources */,
			);
			runOnlyForDeploymentPostprocessing = 0;
		};
		8401665C1E9B6468007BCE47 /* Sources */ = {
			isa = PBXSourcesBuildPhase;
			buildActionMask = 2147483647;
			files = (
				840166651E9B6468007BCE47 /* TFTableviewDemoTests.m in Sources */,
			);
			runOnlyForDeploymentPostprocessing = 0;
		};
		840166671E9B6468007BCE47 /* Sources */ = {
			isa = PBXSourcesBuildPhase;
			buildActionMask = 2147483647;
			files = (
				840166701E9B6468007BCE47 /* TFTableviewDemoUITests.m in Sources */,
			);
			runOnlyForDeploymentPostprocessing = 0;
		};
/* End PBXSourcesBuildPhase section */

/* Begin PBXTargetDependency section */
		840166621E9B6468007BCE47 /* PBXTargetDependency */ = {
			isa = PBXTargetDependency;
			target = 840166461E9B6468007BCE47 /* TFTableviewDemo */;
			targetProxy = 840166611E9B6468007BCE47 /* PBXContainerItemProxy */;
		};
		8401666D1E9B6468007BCE47 /* PBXTargetDependency */ = {
			isa = PBXTargetDependency;
			target = 840166461E9B6468007BCE47 /* TFTableviewDemo */;
			targetProxy = 8401666C1E9B6468007BCE47 /* PBXContainerItemProxy */;
		};
/* End PBXTargetDependency section */

/* Begin PBXVariantGroup section */
		840166531E9B6468007BCE47 /* Main.storyboard */ = {
			isa = PBXVariantGroup;
			children = (
				840166541E9B6468007BCE47 /* Base */,
			);
			name = Main.storyboard;
			sourceTree = "<group>";
		};
		840166581E9B6468007BCE47 /* LaunchScreen.storyboard */ = {
			isa = PBXVariantGroup;
			children = (
				840166591E9B6468007BCE47 /* Base */,
			);
			name = LaunchScreen.storyboard;
			sourceTree = "<group>";
		};
/* End PBXVariantGroup section */

/* Begin XCBuildConfiguration section */
		840166721E9B6468007BCE47 /* Debug */ = {
			isa = XCBuildConfiguration;
			buildSettings = {
				ALWAYS_SEARCH_USER_PATHS = NO;
				CLANG_ANALYZER_NONNULL = YES;
				CLANG_CXX_LANGUAGE_STANDARD = "gnu++0x";
				CLANG_CXX_LIBRARY = "libc++";
				CLANG_ENABLE_MODULES = YES;
				CLANG_ENABLE_OBJC_ARC = YES;
				CLANG_WARN_BOOL_CONVERSION = YES;
				CLANG_WARN_CONSTANT_CONVERSION = YES;
				CLANG_WARN_DIRECT_OBJC_ISA_USAGE = YES_ERROR;
				CLANG_WARN_DOCUMENTATION_COMMENTS = YES;
				CLANG_WARN_EMPTY_BODY = YES;
				CLANG_WARN_ENUM_CONVERSION = YES;
				CLANG_WARN_INFINITE_RECURSION = YES;
				CLANG_WARN_INT_CONVERSION = YES;
				CLANG_WARN_OBJC_ROOT_CLASS = YES_ERROR;
				CLANG_WARN_SUSPICIOUS_MOVE = YES;
				CLANG_WARN_UNREACHABLE_CODE = YES;
				CLANG_WARN__DUPLICATE_METHOD_MATCH = YES;
				"CODE_SIGN_IDENTITY[sdk=iphoneos*]" = "iPhone Developer";
				COPY_PHASE_STRIP = NO;
				DEBUG_INFORMATION_FORMAT = dwarf;
				ENABLE_STRICT_OBJC_MSGSEND = YES;
				ENABLE_TESTABILITY = YES;
				GCC_C_LANGUAGE_STANDARD = gnu99;
				GCC_DYNAMIC_NO_PIC = NO;
				GCC_NO_COMMON_BLOCKS = YES;
				GCC_OPTIMIZATION_LEVEL = 0;
				GCC_PREPROCESSOR_DEFINITIONS = (
					"DEBUG=1",
					"$(inherited)",
				);
				GCC_WARN_64_TO_32_BIT_CONVERSION = YES;
				GCC_WARN_ABOUT_RETURN_TYPE = YES_ERROR;
				GCC_WARN_UNDECLARED_SELECTOR = YES;
				GCC_WARN_UNINITIALIZED_AUTOS = YES_AGGRESSIVE;
				GCC_WARN_UNUSED_FUNCTION = YES;
				GCC_WARN_UNUSED_VARIABLE = YES;
				IPHONEOS_DEPLOYMENT_TARGET = 10.2;
				MTL_ENABLE_DEBUG_INFO = YES;
				ONLY_ACTIVE_ARCH = YES;
				SDKROOT = iphoneos;
				TARGETED_DEVICE_FAMILY = "1,2";
			};
			name = Debug;
		};
		840166731E9B6468007BCE47 /* Release */ = {
			isa = XCBuildConfiguration;
			buildSettings = {
				ALWAYS_SEARCH_USER_PATHS = NO;
				CLANG_ANALYZER_NONNULL = YES;
				CLANG_CXX_LANGUAGE_STANDARD = "gnu++0x";
				CLANG_CXX_LIBRARY = "libc++";
				CLANG_ENABLE_MODULES = YES;
				CLANG_ENABLE_OBJC_ARC = YES;
				CLANG_WARN_BOOL_CONVERSION = YES;
				CLANG_WARN_CONSTANT_CONVERSION = YES;
				CLANG_WARN_DIRECT_OBJC_ISA_USAGE = YES_ERROR;
				CLANG_WARN_DOCUMENTATION_COMMENTS = YES;
				CLANG_WARN_EMPTY_BODY = YES;
				CLANG_WARN_ENUM_CONVERSION = YES;
				CLANG_WARN_INFINITE_RECURSION = YES;
				CLANG_WARN_INT_CONVERSION = YES;
				CLANG_WARN_OBJC_ROOT_CLASS = YES_ERROR;
				CLANG_WARN_SUSPICIOUS_MOVE = YES;
				CLANG_WARN_UNREACHABLE_CODE = YES;
				CLANG_WARN__DUPLICATE_METHOD_MATCH = YES;
				"CODE_SIGN_IDENTITY[sdk=iphoneos*]" = "iPhone Developer";
				COPY_PHASE_STRIP = NO;
				DEBUG_INFORMATION_FORMAT = "dwarf-with-dsym";
				ENABLE_NS_ASSERTIONS = NO;
				ENABLE_STRICT_OBJC_MSGSEND = YES;
				GCC_C_LANGUAGE_STANDARD = gnu99;
				GCC_NO_COMMON_BLOCKS = YES;
				GCC_WARN_64_TO_32_BIT_CONVERSION = YES;
				GCC_WARN_ABOUT_RETURN_TYPE = YES_ERROR;
				GCC_WARN_UNDECLARED_SELECTOR = YES;
				GCC_WARN_UNINITIALIZED_AUTOS = YES_AGGRESSIVE;
				GCC_WARN_UNUSED_FUNCTION = YES;
				GCC_WARN_UNUSED_VARIABLE = YES;
				IPHONEOS_DEPLOYMENT_TARGET = 10.2;
				MTL_ENABLE_DEBUG_INFO = NO;
				SDKROOT = iphoneos;
				TARGETED_DEVICE_FAMILY = "1,2";
				VALIDATE_PRODUCT = YES;
			};
			name = Release;
		};
		840166751E9B6468007BCE47 /* Debug */ = {
			isa = XCBuildConfiguration;
			buildSettings = {
				ASSETCATALOG_COMPILER_APPICON_NAME = AppIcon;
				INFOPLIST_FILE = TFTableviewDemo/Info.plist;
				LD_RUNPATH_SEARCH_PATHS = "$(inherited) @executable_path/Frameworks";
				PRODUCT_BUNDLE_IDENTIFIER = tingfeng.TFTableviewDemo;
				PRODUCT_NAME = "$(TARGET_NAME)";
			};
			name = Debug;
		};
		840166761E9B6468007BCE47 /* Release */ = {
			isa = XCBuildConfiguration;
			buildSettings = {
				ASSETCATALOG_COMPILER_APPICON_NAME = AppIcon;
				INFOPLIST_FILE = TFTableviewDemo/Info.plist;
				LD_RUNPATH_SEARCH_PATHS = "$(inherited) @executable_path/Frameworks";
				PRODUCT_BUNDLE_IDENTIFIER = tingfeng.TFTableviewDemo;
				PRODUCT_NAME = "$(TARGET_NAME)";
			};
			name = Release;
		};
		840166781E9B6468007BCE47 /* Debug */ = {
			isa = XCBuildConfiguration;
			buildSettings = {
				BUNDLE_LOADER = "$(TEST_HOST)";
				INFOPLIST_FILE = TFTableviewDemoTests/Info.plist;
				LD_RUNPATH_SEARCH_PATHS = "$(inherited) @executable_path/Frameworks @loader_path/Frameworks";
				PRODUCT_BUNDLE_IDENTIFIER = tingfeng.TFTableviewDemoTests;
				PRODUCT_NAME = "$(TARGET_NAME)";
				TEST_HOST = "$(BUILT_PRODUCTS_DIR)/TFTableviewDemo.app/TFTableviewDemo";
			};
			name = Debug;
		};
		840166791E9B6468007BCE47 /* Release */ = {
			isa = XCBuildConfiguration;
			buildSettings = {
				BUNDLE_LOADER = "$(TEST_HOST)";
				INFOPLIST_FILE = TFTableviewDemoTests/Info.plist;
				LD_RUNPATH_SEARCH_PATHS = "$(inherited) @executable_path/Frameworks @loader_path/Frameworks";
				PRODUCT_BUNDLE_IDENTIFIER = tingfeng.TFTableviewDemoTests;
				PRODUCT_NAME = "$(TARGET_NAME)";
				TEST_HOST = "$(BUILT_PRODUCTS_DIR)/TFTableviewDemo.app/TFTableviewDemo";
			};
			name = Release;
		};
		8401667B1E9B6468007BCE47 /* Debug */ = {
			isa = XCBuildConfiguration;
			buildSettings = {
				INFOPLIST_FILE = TFTableviewDemoUITests/Info.plist;
				LD_RUNPATH_SEARCH_PATHS = "$(inherited) @executable_path/Frameworks @loader_path/Frameworks";
				PRODUCT_BUNDLE_IDENTIFIER = tingfeng.TFTableviewDemoUITests;
				PRODUCT_NAME = "$(TARGET_NAME)";
				TEST_TARGET_NAME = TFTableviewDemo;
			};
			name = Debug;
		};
		8401667C1E9B6468007BCE47 /* Release */ = {
			isa = XCBuildConfiguration;
			buildSettings = {
				INFOPLIST_FILE = TFTableviewDemoUITests/Info.plist;
				LD_RUNPATH_SEARCH_PATHS = "$(inherited) @executable_path/Frameworks @loader_path/Frameworks";
				PRODUCT_BUNDLE_IDENTIFIER = tingfeng.TFTableviewDemoUITests;
				PRODUCT_NAME = "$(TARGET_NAME)";
				TEST_TARGET_NAME = TFTableviewDemo;
			};
			name = Release;
		};
/* End XCBuildConfiguration section */

/* Begin XCConfigurationList section */
		840166421E9B6468007BCE47 /* Build configuration list for PBXProject "TFTableviewDemo" */ = {
			isa = XCConfigurationList;
			buildConfigurations = (
				840166721E9B6468007BCE47 /* Debug */,
				840166731E9B6468007BCE47 /* Release */,
			);
			defaultConfigurationIsVisible = 0;
			defaultConfigurationName = Release;
		};
		840166741E9B6468007BCE47 /* Build configuration list for PBXNativeTarget "TFTableviewDemo" */ = {
			isa = XCConfigurationList;
			buildConfigurations = (
				840166751E9B6468007BCE47 /* Debug */,
				840166761E9B6468007BCE47 /* Release */,
			);
			defaultConfigurationIsVisible = 0;
		};
		840166771E9B6468007BCE47 /* Build configuration list for PBXNativeTarget "TFTableviewDemoTests" */ = {
			isa = XCConfigurationList;
			buildConfigurations = (
				840166781E9B6468007BCE47 /* Debug */,
				840166791E9B6468007BCE47 /* Release */,
			);
			defaultConfigurationIsVisible = 0;
		};
		8401667A1E9B6468007BCE47 /* Build configuration list for PBXNativeTarget "TFTableviewDemoUITests" */ = {
			isa = XCConfigurationList;
			buildConfigurations = (
				8401667B1E9B6468007BCE47 /* Debug */,
				8401667C1E9B6468007BCE47 /* Release */,
			);
			defaultConfigurationIsVisible = 0;
		};
/* End XCConfigurationList section */
	};
	rootObject = 8401663F1E9B6468007BCE47 /* Project object */;
}
